github.com/Masterminds/semver/v3 v3.5.0 h1:kQceYJfbupGfZOKZQg0kou0DgAKhzDg2NZPAwZ/2OOE=
github.com/Masterminds/semver/v3 v3.5.0/go.mod h1:4V+yj/TJE1HU9XfppCwVMZq3I84lprf4nC11bSS5beM=
github.com/aws/aws-sdk-go-v2 v1.43.3 h1:XJIcfv8uDs2ukdQsoAC8/Ebu1ejxwzlayl2ZsiFns2A=
github.com/aws/aws-sdk-go-v2 v1.43.3/go.mod h1:70vwSy16txshwG+g55WkpgPKDIByzHI8ccBsOteo3bQ=
github.com/aws/aws-sdk-go-v2/aws/protocol/eventstream v1.7.16 h1:aiuaKlDweRC5qExJondpWjOgyzMHpofpwspGXUtwn4c=
github.com/aws/aws-sdk-go-v2/aws/protocol/eventstream v1.7.16/go.mod h1:nG/LOlmox9BDe9HvQnXWzgcK8uKbgBMZ/Hp5pVt/21I=
github.com/aws/aws-sdk-go-v2/config v1.32.34 h1:o+YAizrX562nEZXaB38uYTK8RvIsvW0uuRP+e5e0Pfk=
github.com/aws/aws-sdk-go-v2/config v1.32.34/go.mod h1:wc0zYRChOniiufvdWiRVf3jgXSgbkvaD683IHHHc2ZQ=
github.com/aws/aws-sdk-go-v2/credentials v1.19.33 h1:/e5V3EWfeDiW6cuRxHsC8gbwko4/vvVYPJR2afBKFFY=
github.com/aws/aws-sdk-go-v2/credentials v1.19.33/go.mod h1:ZxAmkcyOM9beY/WO9oxp2oVPXiP3rq5N1/p4NbenJdE=
github.com/aws/aws-sdk-go-v2/feature/ec2/imds v1.18.34 h1:1EsGke6rTD2CG3j2MMVB77n6Q+FlbQWYI/dFdLWBNtM=
github.com/aws/aws-sdk-go-v2/feature/ec2/imds v1.18.34/go.mod h1:5B1Z/QbaWzqoWRzYxZfmCbDDRcvUHcfAIQw/S+KfDmc=
github.com/aws/aws-sdk-go-v2/internal/configsources v1.4.34 h1:vuIfjzoeqhQMGJyOBU3t0ZEjn2jrN8Bbg1N4CgjzM5Q=
github.com/aws/aws-sdk-go-v2/internal/configsources v1.4.34/go.mod h1:hP28cN4CPJLZHirdQPrZR50JcLN4ApRJP2tzG8cRlhY=
github.com/aws/aws-sdk-go-v2/internal/endpoints/v2 v2.7.34 h1:9faHsnqxJ1vDvB4wMZy/ajIDyz5QhllQjjc72RJpXAw=
github.com/aws/aws-sdk-go-v2/internal/endpoints/v2 v2.7.34/go.mod h1:Yp6nIyejpa23nzlB/LhT63KTla9Jdi06nv/HH/OkAH8=
github.com/aws/aws-sdk-go-v2/internal/v4a v1.4.35 h1:Oe8gMKJLO5awqpa5EhAGKVnBv1s+brdWVuxM2mDa7zA=
github.com/aws/aws-sdk-go-v2/internal/v4a v1.4.35/go.mod h1:FZevcG9cOST/FWAAUhHIchjR9fXFXFRCWodOhx+PDLA=
github.com/aws/aws-sdk-go-v2/service/bedrockruntime v1.57.0 h1:pwRzOa/ObDZK/YHRqt869154aE+Kxc3yzlGd//Weh+Q=
github.com/aws/aws-sdk-go-v2/service/bedrockruntime v1.57.0/go.mod h1:RfUVz1gzKqgRgCRrPwf48LGS5ex8MopQWBHn5H9QSHo=
github.com/aws/aws-sdk-go-v2/service/internal/accept-encoding v1.13.15 h1:JJLBQxwY+AFwuPAi5ivGc1ChnTdUt4cXMv7e76m2c/Y=
github.com/aws/aws-sdk-go-v2/service/internal/accept-encoding v1.13.15/go.mod h1:lQknBIe78MVL0cQOQDlag8KGflMbMEVFx9mB6O8ENvk=
github.com/aws/aws-sdk-go-v2/service/internal/presigned-url v1.13.34 h1:sYg4qHWLqsjp15PzX7XCOHSOgKEGoZ5vQY43VvZ1pas=
github.com/aws/aws-sdk-go-v2/service/internal/presigned-url v1.13.34/go.mod h1:N58SSz3roKf1HzW5qRaOiyk6MbDLTKgLPvlTfJ90iyI=
github.com/aws/aws-sdk-go-v2/service/signin v1.5.3 h1:togAtAmgV5IGMnQDuBDJeM8z5Y5RN6G7xeOgphWz+Yc=
github.com/aws/aws-sdk-go-v2/service/signin v1.5.3/go.mod h1:T7xKUUUvN7W3RW8UmMvKnD12xqh+Ux2gCPHPhnt64Dg=
github.com/aws/aws-sdk-go-v2/service/sso v1.33.3 h1:YjH64OUytnWZBHUtM9GMyi4ZWBiSQdEJkZuPykOIe44=
github.com/aws/aws-sdk-go-v2/service/sso v1.33.3/go.mod h1:5qoHcDZDTSJotoKk1bvVRPv1MXaL/NhfY9ng8D1g/ig=
github.com/aws/aws-sdk-go-v2/service/ssooidc v1.38.3 h1:A4o1di/XGaqtw6r3toSBrFX2U7mVSLqg7jo9wL4I+cU=
github.com/aws/aws-sdk-go-v2/service/ssooidc v1.38.3/go.mod h1:sKuKz2kHtrGVtFu34vbM3LWSA9CKD9YZUmm6e5PPqRA=
github.com/aws/aws-sdk-go-v2/service/sts v1.45.3 h1:Fi7+DiKN1+QphlajvE6FqeZ8GRbnnRul7zTdUiRpbGc=
github.com/aws/aws-sdk-go-v2/service/sts v1.45.3/go.mod h1:KCc3e27fHZUGtzpek7wZcp6dyCpGkJJo/+3PBujh/yU=
github.com/aws/smithy-go v1.27.6 h1:0zjT8jgK3jbrTT7JJ3EE6JsMhX8JTrZ+f1sEndYDXrA=
github.com/aws/smithy-go v1.27.6/go.mod h1:YE2RhdIuDbA5E5bTdciG9KrW3+TiEONeUWCqxX9i1Fc=
github.com/coder/websocket v1.8.14 h1:9L0p0iKiNOibykf283eHkKUHHrpG7f65OE3BhhO7v9g=
github.com/coder/websocket v1.8.14/go.mod h1:NX3SzP+inril6yawo5CQXx8+fk145lPDC6pumgx0mVg=
github.com/davecgh/go-spew v1.1.1 h1:vj9j/u1bqnvCEfJOwUhtlOARqs3+rkHYY13jYWTU97c=
github.com/davecgh/go-spew v1.1.1/go.mod h1:J7Y8YcW2NihsgmVo/mv3lAwl/skON4iLHjSsI+c5H38=
github.com/dlclark/regexp2/v2 v2.2.1 h1:mf4KkFUj0gJuarK8P+LgiS+Lit7m9N1yAwEfPbee7R0=
github.com/dlclark/regexp2/v2 v2.2.1/go.mod h1:avUrQvPaLz2DrFNHJF0taWAFFX2C1GMSSoeiqFjcBmU=
github.com/dop251/goja v0.0.0-20260701091749-b07b74453ea9 h1:q33zakIx+wEp1Ko5NpDyDBICuXL4JeHUaHbhPowcMEk=
github.com/dop251/goja v0.0.0-20260701091749-b07b74453ea9/go.mod h1:Sc+QOu1WruvaaeT/cxFez/pXHpI9ZDjg/E8QNfSVveI=
github.com/frankban/quicktest v1.14.6 h1:7Xjx+VpznH+oBnejlPUj8oUpdxnVs4f8XU8WnHkI4W8=
github.com/frankban/quicktest v1.14.6/go.mod h1:4ptaffx2x8+WTWXmUCuVU6aPUX1/Mz7zb5vbUoiM6w0=
github.com/fsnotify/fsevents v0.2.0 h1:BRlvlqjvNTfogHfeBOFvSC9N0Ddy+wzQCQukyoD7o/c=
github.com/fsnotify/fsevents v0.2.0/go.mod h1:B3eEk39i4hz8y1zaWS/wPrAP4O6wkIl7HQwKBr1qH/w=
github.com/fsnotify/fsnotify v1.9.0 h1:2Ml+OJNzbYCTzsxtv8vKSFD9PbJjmhYF14k/jKC7S9k=
github.com/fsnotify/fsnotify v1.9.0/go.mod h1:8jBTzvmWwFyi3Pb8djgCCO5IBqzKJ/Jwo8TRcHyHii0=
github.com/go-sourcemap/sourcemap v2.1.3+incompatible h1:W1iEw64niKVGogNgBN3ePyLFfuisuzeidWPMPWmECqU=
github.com/go-sourcemap/sourcemap v2.1.3+incompatible/go.mod h1:F8jJfvm2KbVjc5NqelyYJmf/v5J0dwNLS2mL4sNA1Jg=
github.com/goccy/go-yaml v1.19.2 h1:PmFC1S6h8ljIz6gMRBopkjP1TVT7xuwrButHID66PoM=
github.com/goccy/go-yaml v1.19.2/go.mod h1:XBurs7gK8ATbW4ZPGKgcbrY1Br56PdM69F7LkFRi1kA=
github.com/google/go-cmp v0.7.0 h1:wk8382ETsv4JYUZwIsn6YpYiWiBsYLSJiTsyBybVuN8=
github.com/google/go-cmp v0.7.0/go.mod h1:pXiqmnSA92OHEEa9HXL2W4E7lf9JzCmGVUdgjX3N/iU=
github.com/google/jsonschema-go v0.4.2 h1:tmrUohrwoLZZS/P3x7ex0WAVknEkBZM46iALbcqoRA8=
github.com/google/jsonschema-go v0.4.2/go.mod h1:r5quNTdLOYEz95Ru18zA0ydNbBuYoo9tgaYcxEYhJVE=
github.com/google/pprof v0.0.0-20230207041349-798e818bf904 h1:4/hN5RUoecvl+RmJRE2YxKWtnnQls6rQjjW5oV7qg2U=
github.com/google/pprof v0.0.0-20230207041349-798e818bf904/go.mod h1:uglQLonpP8qtYCYyzA+8c/9qtqgA3qsXGYqCPKARAFg=
github.com/google/uuid v1.6.0 h1:NIvaJDMOsjHA8n1jAhLSgzrAzy1Hgr+hNrb57e+94F0=
github.com/google/uuid v1.6.0/go.mod h1:TIyPZe4MgqvfeYDBFedMoGGpEw/LqOeaOT+nhxU+yHo=
github.com/kr/pretty v0.3.1 h1:flRD4NNwYAUpkphVc1HcthR4KEIFJ65n8Mw5qdRn3LE=
github.com/kr/pretty v0.3.1/go.mod h1:hoEshYVHaxMs3cyo3Yncou5ZscifuDolrwPKZanG3xk=
github.com/kr/text v0.2.0 h1:5Nx0Ya0ZqY2ygV366QzturHI13Jq95ApcVaJBhpS+AY=
github.com/kr/text v0.2.0/go.mod h1:eLer722TekiGuMkidMxC/pM04lWEeraHUUmBw8l2grE=
github.com/marcelocantos/claudia v0.22.0 h1:w2p4JwQwprQ+L9+jnFo/6ZWbosOvudAB275HzMjPrMA=
github.com/marcelocantos/claudia v0.22.0/go.mod h1:vK6wVvkejGDxXqLFUFxBT88sBNPnCiX1KhIxGjRQUts=
github.com/marcelocantos/sqlift/go/sqlift v0.17.0 h1:loDWD8WkZHC91lsJEBcCp++Gcq42to4roRsZ4kzyqWk=
github.com/marcelocantos/sqlift/go/sqlift v0.17.0/go.mod h1:9/YUWcuHsBjM0OySf6nQ3TtRjGkU1gGP0vJiMDwY3QY=
github.com/mark3labs/mcp-go v0.47.0 h1:h44yeM3DduDyQgzImYWu4pt6VRkqP/0p/95AGhWngnA=
github.com/mark3labs/mcp-go v0.47.0/go.mod h1:JKTC7R2LLVagkEWK7Kwu7DbmA6iIvnNAod6yrHiQMag=
github.com/mattn/go-sqlite3 v1.14.41 h1:8p7Pwz5NHkEbWSqc/ygU4CBGubhFFkpgP9KwcdkAHNA=
github.com/mattn/go-sqlite3 v1.14.41/go.mod h1:pjEuOr8IwzLJP2MfGeTb0A35jauH+C2kbHKBr7yXKVQ=
github.com/pmezard/go-difflib v1.0.0 h1:4DBwDE0NGyQoBHbLQYPwSUPoCMWR5BEzIk/f1lZbAQM=
github.com/pmezard/go-difflib v1.0.0/go.mod h1:iKH77koFhYxTK1pcRnkKkqfTogsbg7gZNVY4sRDYZ/4=
github.com/rogpeppe/go-internal v1.9.0 h1:73kH8U+JUqXU8lRuOHeVHaa/SZPifC7BkcraZVejAe8=
github.com/rogpeppe/go-internal v1.9.0/go.mod h1:WtVeX8xhTBvf0smdhujwtBcq4Qrzq/fJaraNFVN+nFs=
github.com/spf13/cast v1.7.1 h1:cuNEagBQEHWN1FnbGEjCXL2szYEXqfJPbP2HNUaca9Y=
github.com/spf13/cast v1.7.1/go.mod h1:ancEpBxwJDODSW/UG4rDrAqiKolqNNh2DX3mk86cAdo=
github.com/stretchr/testify v1.9.0 h1:HtqpIVDClZ4nwg75+f6Lvsy/wHu+3BoSGCbBAcpTsTg=
github.com/stretchr/testify v1.9.0/go.mod h1:r2ic/lqez/lEtzL7wO/rwa5dbSLXVDPFyf8C91i36aY=
github.com/yosida95/uritemplate/v3 v3.0.2 h1:Ed3Oyj9yrmi9087+NczuL5BwkIc4wvTb5zIM+UJPGz4=
github.com/yosida95/uritemplate/v3 v3.0.2/go.mod h1:ILOh0sOhIJR3+L/8afwt/kE++YT040gmv5BQTMR2HP4=
github.com/yuin/goldmark v1.8.2 h1:kEGpgqJXdgbkhcOgBxkC0X0PmoPG1ZyoZ117rDVp4zE=
github.com/yuin/goldmark v1.8.2/go.mod h1:ip/1k0VRfGynBgxOz0yCqHrbZXhcjxyuS66Brc7iBKg=
golang.org/x/image v0.39.0 h1:skVYidAEVKgn8lZ602XO75asgXBgLj9G/FE3RbuPFww=
golang.org/x/image v0.39.0/go.mod h1:sIbmppfU+xFLPIG0FoVUTvyBMmgng1/XAMhQ2ft0hpA=
golang.org/x/sys v0.43.0 h1:Rlag2XtaFTxp19wS8MXlJwTvoh8ArU6ezoyFsMyCTNI=
golang.org/x/sys v0.43.0/go.mod h1:4GL1E5IUh+htKOUEOaiffhrAeqysfVGipDYzABqnCmw=
golang.org/x/text v0.36.0 h1:JfKh3XmcRPqZPKevfXVpI1wXPTqbkE5f7JA92a55Yxg=
golang.org/x/text v0.36.0/go.mod h1:NIdBknypM8iqVmPiuco0Dh6P5Jcdk8lJL0CUebqK164=
gopkg.in/check.v1 v0.0.0-20161208181325-20d25e280405 h1:yhCVgyC4o1eVCa2tZl7eS0r+SDo693bJlVdllGtEeKM=
gopkg.in/check.v1 v0.0.0-20161208181325-20d25e280405/go.mod h1:Co6ibVJAznAaIkqp8huTwlJQCZ016jof/cbN4VW5Yz0=
gopkg.in/yaml.v3 v3.0.1 h1:fxVm/GzAzEWqLHuvctI91KS9hhNmmWOoWu0XTYJS7CA=
gopkg.in/yaml.v3 v3.0.1/go.mod h1:K4uyk7z7BCEPqu6E+C64Yfv1cQ7kz7rIZviUmN+EgEM=
